
Microsoft Visual Studio Solution File, Format Version 12.00
# Visual Studio Version 17
VisualStudioVersion = 17.5.33424.131
MinimumVisualStudioVersion = 10.0.40219.1
Project("{FAE04EC0-301F-11D3-BF4B-00C04F79EFBC}") = "PollyExperiments", "PollyExperiments\PollyExperiments.csproj", "{B90B1DBA-F591-4022-ADD8-60A36EFD4A46}"
EndProject
Global
	GlobalSection(SolutionConfigurationPlatforms) = preSolution
		Debug|Any CPU = Debug|Any CPU
		Release|Any CPU = Release|Any CPU
	EndGlobalSection
	GlobalSection(ProjectConfigurationPlatforms) = postSolution
		{B90B1DBA-F591-4022-ADD8-60A36EFD4A46}.Debug|Any CPU.ActiveCfg = Debug|Any CPU
		{B90B1DBA-F591-4022-ADD8-60A36EFD4A46}.Debug|Any CPU.Build.0 = Debug|Any CPU
		{B90B1DBA-F591-4022-ADD8-60A36EFD4A46}.Release|Any CPU.ActiveCfg = Release|Any CPU
		{B90B1DBA-F591-4022-ADD8-60A36EFD4A46}.Release|Any CPU.Build.0 = Release|Any CPU
	EndGlobalSection
	GlobalSection(SolutionProperties) = preSolution
		HideSolutionNode = FALSE
	EndGlobalSection
	GlobalSection(ExtensibilityGlobals) = postSolution
		SolutionGuid = {FD1F233D-B346-4E55-9AFB-97F4AC5BF3AF}
	EndGlobalSection
EndGlobal
